// !$*UTF8*$!
{
	archiveVersion = 1;
	classes = {
	};
	objectVersion = 56;
	objects = {

/* Begin PBXBuildFile section */
		450A2E6E2AC6338C0088C168 /* APIConstant.swift in Sources */ = {isa = PBXBuildFile; fileRef = 450A2E6D2AC6338C0088C168 /* APIConstant.swift */; };
		450A2E702AC637730088C168 /* FootballModel.swift in Sources */ = {isa = PBXBuildFile; fileRef = 450A2E6F2AC637720088C168 /* FootballModel.swift */; };
		45131EE12AC6666D00F0131C /* Main.storyboard in Resources */ = {isa = PBXBuildFile; fileRef = 45131EDF2AC6666D00F0131C /* Main.storyboard */; };
		4529BD382AC4988300F4A84E /* LeaguesViewController.swift in Sources */ = {isa = PBXBuildFile; fileRef = 4529BD362AC4988300F4A84E /* LeaguesViewController.swift */; };
		4529BD392AC4988300F4A84E /* LeaguesViewController.xib in Resources */ = {isa = PBXBuildFile; fileRef = 4529BD372AC4988300F4A84E /* LeaguesViewController.xib */; };
		4529BD3B2AC498A300F4A84E /* LeaguesViewModel.swift in Sources */ = {isa = PBXBuildFile; fileRef = 4529BD3A2AC498A300F4A84E /* LeaguesViewModel.swift */; };
		4529BD3F2AC4990500F4A84E /* CustomNibCell.swift in Sources */ = {isa = PBXBuildFile; fileRef = 4529BD3D2AC4990500F4A84E /* CustomNibCell.swift */; };
		4529BD402AC4990500F4A84E /* CustomNibCell.xib in Resources */ = {isa = PBXBuildFile; fileRef = 4529BD3E2AC4990500F4A84E /* CustomNibCell.xib */; };
		4529BD432AC49DC800F4A84E /* K.swift in Sources */ = {isa = PBXBuildFile; fileRef = 4529BD422AC49DC800F4A84E /* K.swift */; };
		4529BD492AC4B54000F4A84E /* TeamDetalisViewModel.swift in Sources */ = {isa = PBXBuildFile; fileRef = 4529BD482AC4B54000F4A84E /* TeamDetalisViewModel.swift */; };
		4529BD4E2AC4B5B700F4A84E /* TeamDetalisViewController.swift in Sources */ = {isa = PBXBuildFile; fileRef = 4529BD4C2AC4B5B700F4A84E /* TeamDetalisViewController.swift */; };
		4529BD4F2AC4B5B700F4A84E /* TeamDetalisViewController.xib in Resources */ = {isa = PBXBuildFile; fileRef = 4529BD4D2AC4B5B700F4A84E /* TeamDetalisViewController.xib */; };
		4548CDE72AC44AB7000940B9 /* AppDelegate.swift in Sources */ = {isa = PBXBuildFile; fileRef = 4548CDE62AC44AB7000940B9 /* AppDelegate.swift */; };
		4548CDE92AC44AB7000940B9 /* SceneDelegate.swift in Sources */ = {isa = PBXBuildFile; fileRef = 4548CDE82AC44AB7000940B9 /* SceneDelegate.swift */; };
		4548CDF12AC44AB7000940B9 /* SportsApp.xcdatamodeld in Sources */ = {isa = PBXBuildFile; fileRef = 4548CDEF2AC44AB7000940B9 /* SportsApp.xcdatamodeld */; };
		4548CDF32AC44AB9000940B9 /* Assets.xcassets in Resources */ = {isa = PBXBuildFile; fileRef = 4548CDF22AC44AB9000940B9 /* Assets.xcassets */; };
		4548CDF62AC44AB9000940B9 /* LaunchScreen.storyboard in Resources */ = {isa = PBXBuildFile; fileRef = 4548CDF42AC44AB9000940B9 /* LaunchScreen.storyboard */; };
		4548CE032AC44C04000940B9 /* SportsModel.swift in Sources */ = {isa = PBXBuildFile; fileRef = 4548CE022AC44C04000940B9 /* SportsModel.swift */; };
		4548CE072AC44CA7000940B9 /* NetworkServies.swift in Sources */ = {isa = PBXBuildFile; fileRef = 4548CE062AC44CA7000940B9 /* NetworkServies.swift */; };
		4548CE0D2AC44EF3000940B9 /* TabSportViewModel.swift in Sources */ = {isa = PBXBuildFile; fileRef = 4548CE0C2AC44EF3000940B9 /* TabSportViewModel.swift */; };
		4548CE112AC44F4C000940B9 /* TabCustomCell.swift in Sources */ = {isa = PBXBuildFile; fileRef = 4548CE0F2AC44F4C000940B9 /* TabCustomCell.swift */; };
		4548CE122AC44F4C000940B9 /* TabCustomCell.xib in Resources */ = {isa = PBXBuildFile; fileRef = 4548CE102AC44F4C000940B9 /* TabCustomCell.xib */; };
		456964FF2AC66F3A00B288FC /* LeauguesView.storyboard in Resources */ = {isa = PBXBuildFile; fileRef = 456964FD2AC66F3A00B288FC /* LeauguesView.storyboard */; };
		456965002AC66F3A00B288FC /* LeaguesVC.swift in Sources */ = {isa = PBXBuildFile; fileRef = 456964FE2AC66F3A00B288FC /* LeaguesVC.swift */; };
		459995182AC74FF100971B17 /* getAllLeagues.swift in Sources */ = {isa = PBXBuildFile; fileRef = 459995172AC74FF100971B17 /* getAllLeagues.swift */; };
		4599951A2AC7507900971B17 /* GetUpcomminEvent.swift in Sources */ = {isa = PBXBuildFile; fileRef = 459995192AC7507900971B17 /* GetUpcomminEvent.swift */; };
		4599951C2AC751DA00971B17 /* GetLatestEvent.swift in Sources */ = {isa = PBXBuildFile; fileRef = 4599951B2AC751DA00971B17 /* GetLatestEvent.swift */; };
		4599951E2AC755BA00971B17 /* GetTeamDetails.swift in Sources */ = {isa = PBXBuildFile; fileRef = 4599951D2AC755BA00971B17 /* GetTeamDetails.swift */; };
		5C6FEC8A0D7978EE8D26ADE7 /* Pods_SportsApp.framework in Frameworks */ = {isa = PBXBuildFile; fileRef = F3CBFECB09D7AD31D83566CC /* Pods_SportsApp.framework */; };
		B2AEE5F82AC48D7B0096FA3F /* FavouritesViewController.swift in Sources */ = {isa = PBXBuildFile; fileRef = B2AEE5F62AC48D7B0096FA3F /* FavouritesViewController.swift */; };
		B2AEE60C2AC57E180096FA3F /* TapSportVC.swift in Sources */ = {isa = PBXBuildFile; fileRef = B2AEE60B2AC57E180096FA3F /* TapSportVC.swift */; };
/* End PBXBuildFile section */

/* Begin PBXFileReference section */
		3FCDF16BA5262C3002F662F7 /* Pods-SportsApp.debug.xcconfig */ = {isa = PBXFileReference; includeInIndex = 1; lastKnownFileType = text.xcconfig; name = "Pods-SportsApp.debug.xcconfig"; path = "Target Support Files/Pods-SportsApp/Pods-SportsApp.debug.xcconfig"; sourceTree = "<group>"; };
		450A2E6D2AC6338C0088C168 /* APIConstant.swift */ = {isa = PBXFileReference; lastKnownFileType = sourcecode.swift; path = APIConstant.swift; sourceTree = "<group>"; };
		450A2E6F2AC637720088C168 /* FootballModel.swift */ = {isa = PBXFileReference; lastKnownFileType = sourcecode.swift; path = FootballModel.swift; sourceTree = "<group>"; };
		45131EE02AC6666D00F0131C /* Base */ = {isa = PBXFileReference; lastKnownFileType = file.storyboard; name = Base; path = Base.lproj/Main.storyboard; sourceTree = "<group>"; };
		4529BD362AC4988300F4A84E /* LeaguesViewController.swift */ = {isa = PBXFileReference; lastKnownFileType = sourcecode.swift; path = LeaguesViewController.swift; sourceTree = "<group>"; };
		4529BD372AC4988300F4A84E /* LeaguesViewController.xib */ = {isa = PBXFileReference; lastKnownFileType = file.xib; path = LeaguesViewController.xib; sourceTree = "<group>"; };
		4529BD3A2AC498A300F4A84E /* LeaguesViewModel.swift */ = {isa = PBXFileReference; lastKnownFileType = sourcecode.swift; path = LeaguesViewModel.swift; sourceTree = "<group>"; };
		4529BD3D2AC4990500F4A84E /* CustomNibCell.swift */ = {isa = PBXFileReference; lastKnownFileType = sourcecode.swift; path = CustomNibCell.swift; sourceTree = "<group>"; };
		4529BD3E2AC4990500F4A84E /* CustomNibCell.xib */ = {isa = PBXFileReference; lastKnownFileType = file.xib; path = CustomNibCell.xib; sourceTree = "<group>"; };
		4529BD422AC49DC800F4A84E /* K.swift */ = {isa = PBXFileReference; lastKnownFileType = sourcecode.swift; path = K.swift; sourceTree = "<group>"; };
		4529BD482AC4B54000F4A84E /* TeamDetalisViewModel.swift */ = {isa = PBXFileReference; lastKnownFileType = sourcecode.swift; path = TeamDetalisViewModel.swift; sourceTree = "<group>"; };
		4529BD4C2AC4B5B700F4A84E /* TeamDetalisViewController.swift */ = {isa = PBXFileReference; lastKnownFileType = sourcecode.swift; path = TeamDetalisViewController.swift; sourceTree = "<group>"; };
		4529BD4D2AC4B5B700F4A84E /* TeamDetalisViewController.xib */ = {isa = PBXFileReference; lastKnownFileType = file.xib; path = TeamDetalisViewController.xib; sourceTree = "<group>"; };
		4548CDE62AC44AB7000940B9 /* AppDelegate.swift */ = {isa = PBXFileReference; lastKnownFileType = sourcecode.swift; path = AppDelegate.swift; sourceTree = "<group>"; };
		4548CDE82AC44AB7000940B9 /* SceneDelegate.swift */ = {isa = PBXFileReference; lastKnownFileType = sourcecode.swift; path = SceneDelegate.swift; sourceTree = "<group>"; };
		4548CDF02AC44AB7000940B9 /* SportsApp.xcdatamodel */ = {isa = PBXFileReference; lastKnownFileType = wrapper.xcdatamodel; path = SportsApp.xcdatamodel; sourceTree = "<group>"; };
		4548CDF22AC44AB9000940B9 /* Assets.xcassets */ = {isa = PBXFileReference; lastKnownFileType = folder.assetcatalog; path = Assets.xcassets; sourceTree = "<group>"; };
		4548CDF52AC44AB9000940B9 /* Base */ = {isa = PBXFileReference; lastKnownFileType = file.storyboard; name = Base; path = Base.lproj/LaunchScreen.storyboard; sourceTree = "<group>"; };
		4548CDF72AC44AB9000940B9 /* Info.plist */ = {isa = PBXFileReference; lastKnownFileType = text.plist.xml; path = Info.plist; sourceTree = "<group>"; };
		4548CE022AC44C04000940B9 /* SportsModel.swift */ = {isa = PBXFileReference; lastKnownFileType = sourcecode.swift; path = SportsModel.swift; sourceTree = "<group>"; };
		4548CE062AC44CA7000940B9 /* NetworkServies.swift */ = {isa = PBXFileReference; lastKnownFileType = sourcecode.swift; path = NetworkServies.swift; sourceTree = "<group>"; };
		4548CE0C2AC44EF3000940B9 /* TabSportViewModel.swift */ = {isa = PBXFileReference; lastKnownFileType = sourcecode.swift; path = TabSportViewModel.swift; sourceTree = "<group>"; };
		4548CE0F2AC44F4C000940B9 /* TabCustomCell.swift */ = {isa = PBXFileReference; lastKnownFileType = sourcecode.swift; path = TabCustomCell.swift; sourceTree = "<group>"; };
		4548CE102AC44F4C000940B9 /* TabCustomCell.xib */ = {isa = PBXFileReference; lastKnownFileType = file.xib; path = TabCustomCell.xib; sourceTree = "<group>"; };
		456964FD2AC66F3A00B288FC /* LeauguesView.storyboard */ = {isa = PBXFileReference; fileEncoding = 4; lastKnownFileType = file.storyboard; path = LeauguesView.storyboard; sourceTree = "<group>"; };
		456964FE2AC66F3A00B288FC /* LeaguesVC.swift */ = {isa = PBXFileReference; fileEncoding = 4; lastKnownFileType = sourcecode.swift; path = LeaguesVC.swift; sourceTree = "<group>"; };
		459994F32AC7241000971B17 /* SportsApp.app */ = {isa = PBXFileReference; explicitFileType = wrapper.application; includeInIndex = 0; path = SportsApp.app; sourceTree = BUILT_PRODUCTS_DIR; };
		459995172AC74FF100971B17 /* getAllLeagues.swift */ = {isa = PBXFileReference; lastKnownFileType = sourcecode.swift; path = getAllLeagues.swift; sourceTree = "<group>"; };
		459995192AC7507900971B17 /* GetUpcomminEvent.swift */ = {isa = PBXFileReference; lastKnownFileType = sourcecode.swift; path = GetUpcomminEvent.swift; sourceTree = "<group>"; };
		4599951B2AC751DA00971B17 /* GetLatestEvent.swift */ = {isa = PBXFileReference; lastKnownFileType = sourcecode.swift; path = GetLatestEvent.swift; sourceTree = "<group>"; };
		4599951D2AC755BA00971B17 /* GetTeamDetails.swift */ = {isa = PBXFileReference; lastKnownFileType = sourcecode.swift; path = GetTeamDetails.swift; sourceTree = "<group>"; };
		85B324A3F8E2B0F9C83E2BCF /* Pods-SportsApp.release.xcconfig */ = {isa = PBXFileReference; includeInIndex = 1; lastKnownFileType = text.xcconfig; name = "Pods-SportsApp.release.xcconfig"; path = "Target Support Files/Pods-SportsApp/Pods-SportsApp.release.xcconfig"; sourceTree = "<group>"; };
		B2AEE5F62AC48D7B0096FA3F /* FavouritesViewController.swift */ = {isa = PBXFileReference; lastKnownFileType = sourcecode.swift; path = FavouritesViewController.swift; sourceTree = "<group>"; };
		B2AEE60B2AC57E180096FA3F /* TapSportVC.swift */ = {isa = PBXFileReference; lastKnownFileType = sourcecode.swift; path = TapSportVC.swift; sourceTree = "<group>"; };
		F3CBFECB09D7AD31D83566CC /* Pods_SportsApp.framework */ = {isa = PBXFileReference; explicitFileType = wrapper.framework; includeInIndex = 0; path = Pods_SportsApp.framework; sourceTree = BUILT_PRODUCTS_DIR; };
/* End PBXFileReference section */

/* Begin PBXFrameworksBuildPhase section */
		4548CDE02AC44AB7000940B9 /* Frameworks */ = {
			isa = PBXFrameworksBuildPhase;
			buildActionMask = 2147483647;
			files = (
				5C6FEC8A0D7978EE8D26ADE7 /* Pods_SportsApp.framework in Frameworks */,
			);
			runOnlyForDeploymentPostprocessing = 0;
		};
/* End PBXFrameworksBuildPhase section */

/* Begin PBXGroup section */
		08DAB09DC341FEECFEAF98CD /* Pods */ = {
			isa = PBXGroup;
			children = (
				3FCDF16BA5262C3002F662F7 /* Pods-SportsApp.debug.xcconfig */,
				85B324A3F8E2B0F9C83E2BCF /* Pods-SportsApp.release.xcconfig */,
			);
			name = Pods;
			path = Pods;
			sourceTree = "<group>";
		};
		45131EDE2AC6666D00F0131C /* View */ = {
			isa = PBXGroup;
			children = (
				45131EDF2AC6666D00F0131C /* Main.storyboard */,
			);
			path = View;
			sourceTree = "<group>";
		};
		4529BD322AC497EC00F4A84E /* LeaguesDetalis */ = {
			isa = PBXGroup;
			children = (
				4529BD342AC4982800F4A84E /* ViewModelLeagues */,
				4529BD332AC4981C00F4A84E /* ViewLeagues */,
			);
			path = LeaguesDetalis;
			sourceTree = "<group>";
		};
		4529BD332AC4981C00F4A84E /* ViewLeagues */ = {
			isa = PBXGroup;
			children = (
				4529BD3C2AC498B800F4A84E /* CustomCellNibLeageus */,
				4529BD352AC4984300F4A84E /* ViewNibLeagues */,
			);
			path = ViewLeagues;
			sourceTree = "<group>";
		};
		4529BD342AC4982800F4A84E /* ViewModelLeagues */ = {
			isa = PBXGroup;
			children = (
				4529BD3A2AC498A300F4A84E /* LeaguesViewModel.swift */,
			);
			path = ViewModelLeagues;
			sourceTree = "<group>";
		};
		4529BD352AC4984300F4A84E /* ViewNibLeagues */ = {
			isa = PBXGroup;
			children = (
				4529BD362AC4988300F4A84E /* LeaguesViewController.swift */,
				4529BD372AC4988300F4A84E /* LeaguesViewController.xib */,
			);
			path = ViewNibLeagues;
			sourceTree = "<group>";
		};
		4529BD3C2AC498B800F4A84E /* CustomCellNibLeageus */ = {
			isa = PBXGroup;
			children = (
				4529BD3D2AC4990500F4A84E /* CustomNibCell.swift */,
				4529BD3E2AC4990500F4A84E /* CustomNibCell.xib */,
			);
			path = CustomCellNibLeageus;
			sourceTree = "<group>";
		};
		4529BD412AC49DB000F4A84E /* Constants */ = {
			isa = PBXGroup;
			children = (
				4529BD422AC49DC800F4A84E /* K.swift */,
				450A2E6D2AC6338C0088C168 /* APIConstant.swift */,
			);
			path = Constants;
			sourceTree = "<group>";
		};
		4529BD462AC4B4CD00F4A84E /* TeamDetalis */ = {
			isa = PBXGroup;
			children = (
				4529BD4A2AC4B54900F4A84E /* TeamDetalisView */,
				4529BD472AC4B4F800F4A84E /* ViewModelTeamDetalis */,
			);
			path = TeamDetalis;
			sourceTree = "<group>";
		};
		4529BD472AC4B4F800F4A84E /* ViewModelTeamDetalis */ = {
			isa = PBXGroup;
			children = (
				4529BD482AC4B54000F4A84E /* TeamDetalisViewModel.swift */,
			);
			path = ViewModelTeamDetalis;
			sourceTree = "<group>";
		};
		4529BD4A2AC4B54900F4A84E /* TeamDetalisView */ = {
			isa = PBXGroup;
			children = (
				4529BD4B2AC4B56700F4A84E /* TeamsDetalisNib */,
			);
			path = TeamDetalisView;
			sourceTree = "<group>";
		};
		4529BD4B2AC4B56700F4A84E /* TeamsDetalisNib */ = {
			isa = PBXGroup;
			children = (
				4529BD4C2AC4B5B700F4A84E /* TeamDetalisViewController.swift */,
				4529BD4D2AC4B5B700F4A84E /* TeamDetalisViewController.xib */,
			);
			path = TeamsDetalisNib;
			sourceTree = "<group>";
		};
		4548CDDA2AC44AB7000940B9 = {
			isa = PBXGroup;
			children = (
				4548CDE52AC44AB7000940B9 /* SportsApp */,
				459994F32AC7241000971B17 /* SportsApp.app */,
				08DAB09DC341FEECFEAF98CD /* Pods */,
				D3FCF3427267CC9A76BB32B9 /* Frameworks */,
			);
			sourceTree = "<group>";
		};
		4548CDE52AC44AB7000940B9 /* SportsApp */ = {
			isa = PBXGroup;
			children = (
				4529BD412AC49DB000F4A84E /* Constants */,
				4548CDFD2AC44AD4000940B9 /* Supported Files */,
				45131EDE2AC6666D00F0131C /* View */,
				4548CE042AC44C54000940B9 /* Services */,
				4548CDFF2AC44AF1000940B9 /* Models */,
				4548CDFE2AC44AE4000940B9 /* Modules */,
				4548CDF72AC44AB9000940B9 /* Info.plist */,
			);
			path = SportsApp;
			sourceTree = "<group>";
		};
		4548CDFD2AC44AD4000940B9 /* Supported Files */ = {
			isa = PBXGroup;
			children = (
				4548CDE62AC44AB7000940B9 /* AppDelegate.swift */,
				4548CDE82AC44AB7000940B9 /* SceneDelegate.swift */,
				4548CDF22AC44AB9000940B9 /* Assets.xcassets */,
				4548CDF42AC44AB9000940B9 /* LaunchScreen.storyboard */,
			);
			path = "Supported Files";
			sourceTree = "<group>";
		};
		4548CDFE2AC44AE4000940B9 /* Modules */ = {
			isa = PBXGroup;
			children = (
				456964FA2AC66F3A00B288FC /* Leagues */,
				4529BD462AC4B4CD00F4A84E /* TeamDetalis */,
				4529BD322AC497EC00F4A84E /* LeaguesDetalis */,
				4548CE092AC44D23000940B9 /* TabSport */,
			);
			path = Modules;
			sourceTree = "<group>";
		};
		4548CDFF2AC44AF1000940B9 /* Models */ = {
			isa = PBXGroup;
			children = (
				4548CE012AC44B16000940B9 /* SportsModel */,
				4548CE002AC44AFC000940B9 /* PresitanceModel */,
			);
			path = Models;
			sourceTree = "<group>";
		};
		4548CE002AC44AFC000940B9 /* PresitanceModel */ = {
			isa = PBXGroup;
			children = (
				4548CDEF2AC44AB7000940B9 /* SportsApp.xcdatamodeld */,
			);
			path = PresitanceModel;
			sourceTree = "<group>";
		};
		4548CE012AC44B16000940B9 /* SportsModel */ = {
			isa = PBXGroup;
			children = (
				4548CE022AC44C04000940B9 /* SportsModel.swift */,
				459995162AC74FA000971B17 /* FootbalModel */,
			);
			path = SportsModel;
			sourceTree = "<group>";
		};
		4548CE042AC44C54000940B9 /* Services */ = {
			isa = PBXGroup;
			children = (
				4548CE052AC44C81000940B9 /* NetworkServices */,
			);
			path = Services;
			sourceTree = "<group>";
		};
		4548CE052AC44C81000940B9 /* NetworkServices */ = {
			isa = PBXGroup;
			children = (
				4548CE062AC44CA7000940B9 /* NetworkServies.swift */,
			);
			path = NetworkServices;
			sourceTree = "<group>";
		};
		4548CE092AC44D23000940B9 /* TabSport */ = {
			isa = PBXGroup;
			children = (
				B2AEE5FA2AC490B00096FA3F /* View */,
				4548CE0E2AC44F0A000940B9 /* CustomNibSports */,
				4548CE0B2AC44DA9000940B9 /* TabSportViewModel */,
			);
			path = TabSport;
			sourceTree = "<group>";
		};
		4548CE0A2AC44D99000940B9 /* TabSportView */ = {
			isa = PBXGroup;
			children = (
				B2AEE60B2AC57E180096FA3F /* TapSportVC.swift */,
			);
			path = TabSportView;
			sourceTree = "<group>";
		};
		4548CE0B2AC44DA9000940B9 /* TabSportViewModel */ = {
			isa = PBXGroup;
			children = (
				4548CE0C2AC44EF3000940B9 /* TabSportViewModel.swift */,
			);
			path = TabSportViewModel;
			sourceTree = "<group>";
		};
		4548CE0E2AC44F0A000940B9 /* CustomNibSports */ = {
			isa = PBXGroup;
			children = (
				4548CE0F2AC44F4C000940B9 /* TabCustomCell.swift */,
				4548CE102AC44F4C000940B9 /* TabCustomCell.xib */,
			);
			path = CustomNibSports;
			sourceTree = "<group>";
		};
		456964FA2AC66F3A00B288FC /* Leagues */ = {
			isa = PBXGroup;
			children = (
				456964FB2AC66F3A00B288FC /* LeaguesViewModel */,
				456964FC2AC66F3A00B288FC /* View */,
			);
			path = Leagues;
			sourceTree = "<group>";
		};
		456964FB2AC66F3A00B288FC /* LeaguesViewModel */ = {
			isa = PBXGroup;
			children = (
			);
			path = LeaguesViewModel;
			sourceTree = "<group>";
		};
		456964FC2AC66F3A00B288FC /* View */ = {
			isa = PBXGroup;
			children = (
				456964FD2AC66F3A00B288FC /* LeauguesView.storyboard */,
				456964FE2AC66F3A00B288FC /* LeaguesVC.swift */,
			);
			path = View;
			sourceTree = "<group>";
		};
		459995162AC74FA000971B17 /* FootbalModel */ = {
			isa = PBXGroup;
			children = (
				450A2E6F2AC637720088C168 /* FootballModel.swift */,
				459995172AC74FF100971B17 /* getAllLeagues.swift */,
				459995192AC7507900971B17 /* GetUpcomminEvent.swift */,
				4599951B2AC751DA00971B17 /* GetLatestEvent.swift */,
				4599951D2AC755BA00971B17 /* GetTeamDetails.swift */,
			);
			path = FootbalModel;
			sourceTree = "<group>";
		};
		B2AEE5FA2AC490B00096FA3F /* View */ = {
			isa = PBXGroup;
			children = (
				B2AEE5FB2AC490C50096FA3F /* FavouritsView */,
				4548CE0A2AC44D99000940B9 /* TabSportView */,
			);
			path = View;
			sourceTree = "<group>";
		};
		B2AEE5FB2AC490C50096FA3F /* FavouritsView */ = {
			isa = PBXGroup;
			children = (
				B2AEE5F62AC48D7B0096FA3F /* FavouritesViewController.swift */,
			);
			path = FavouritsView;
			sourceTree = "<group>";
		};
		D3FCF3427267CC9A76BB32B9 /* Frameworks */ = {
			isa = PBXGroup;
			children = (
				F3CBFECB09D7AD31D83566CC /* Pods_SportsApp.framework */,
			);
			name = Frameworks;
			sourceTree = "<group>";
		};
/* End PBXGroup section */

/* Begin PBXNativeTarget section */
		4548CDE22AC44AB7000940B9 /* SportsApp */ = {
			isa = PBXNativeTarget;
			buildConfigurationList = 4548CDFA2AC44AB9000940B9 /* Build configuration list for PBXNativeTarget "SportsApp" */;
			buildPhases = (
				C050D45C1269B7EBC5E4DA39 /* [CP] Check Pods Manifest.lock */,
				4548CDDF2AC44AB7000940B9 /* Sources */,
				4548CDE02AC44AB7000940B9 /* Frameworks */,
				4548CDE12AC44AB7000940B9 /* Resources */,
				E9F91DC23F417DD98C15698A /* [CP] Embed Pods Frameworks */,
			);
			buildRules = (
			);
			dependencies = (
			);
			name = SportsApp;
			productName = SportsApp;
			productReference = 459994F32AC7241000971B17 /* SportsApp.app */;
			productType = "com.apple.product-type.application";
		};
/* End PBXNativeTarget section */

/* Begin PBXProject section */
		4548CDDB2AC44AB7000940B9 /* Project object */ = {
			isa = PBXProject;
			attributes = {
				BuildIndependentTargetsInParallel = 1;
				LastSwiftUpdateCheck = 1430;
				LastUpgradeCheck = 1430;
				TargetAttributes = {
					4548CDE22AC44AB7000940B9 = {
						CreatedOnToolsVersion = 14.3;
					};
				};
			};
			buildConfigurationList = 4548CDDE2AC44AB7000940B9 /* Build configuration list for PBXProject "SportsApp" */;
			compatibilityVersion = "Xcode 14.0";
			developmentRegion = en;
			hasScannedForEncodings = 0;
			knownRegions = (
				en,
				Base,
			);
			mainGroup = 4548CDDA2AC44AB7000940B9;
			productRefGroup = 4548CDDA2AC44AB7000940B9;
			projectDirPath = "";
			projectRoot = "";
			targets = (
				4548CDE22AC44AB7000940B9 /* SportsApp */,
			);
		};
/* End PBXProject section */

/* Begin PBXResourcesBuildPhase section */
		4548CDE12AC44AB7000940B9 /* Resources */ = {
			isa = PBXResourcesBuildPhase;
			buildActionMask = 2147483647;
			files = (
				45131EE12AC6666D00F0131C /* Main.storyboard in Resources */,
				4529BD4F2AC4B5B700F4A84E /* TeamDetalisViewController.xib in Resources */,
				4529BD402AC4990500F4A84E /* CustomNibCell.xib in Resources */,
				4548CE122AC44F4C000940B9 /* TabCustomCell.xib in Resources */,
				456964FF2AC66F3A00B288FC /* LeauguesView.storyboard in Resources */,
				4548CDF62AC44AB9000940B9 /* LaunchScreen.storyboard in Resources */,
				4548CDF32AC44AB9000940B9 /* Assets.xcassets in Resources */,
				4529BD392AC4988300F4A84E /* LeaguesViewController.xib in Resources */,
			);
			runOnlyForDeploymentPostprocessing = 0;
		};
/* End PBXResourcesBuildPhase section */

/* Begin PBXShellScriptBuildPhase section */
		C050D45C1269B7EBC5E4DA39 /* [CP] Check Pods Manifest.lock */ = {
			isa = PBXShellScriptBuildPhase;
			buildActionMask = 2147483647;
			files = (
			);
			inputFileListPaths = (
			);
			inputPaths = (
				"${PODS_PODFILE_DIR_PATH}/Podfile.lock",
				"${PODS_ROOT}/Manifest.lock",
			);
			name = "[CP] Check Pods Manifest.lock";
			outputFileListPaths = (
			);
			outputPaths = (
				"$(DERIVED_FILE_DIR)/Pods-SportsApp-checkManifestLockResult.txt",
			);
			runOnlyForDeploymentPostprocessing = 0;
			shellPath = /bin/sh;
			shellScript = "diff \"${PODS_PODFILE_DIR_PATH}/Podfile.lock\" \"${PODS_ROOT}/Manifest.lock\" > /dev/null\nif [ $? != 0 ] ; then\n    # print error to STDERR\n    echo \"error: The sandbox is not in sync with the Podfile.lock. Run 'pod install' or update your CocoaPods installation.\" >&2\n    exit 1\nfi\n# This output is used by Xcode 'outputs' to avoid re-running this script phase.\necho \"SUCCESS\" > \"${SCRIPT_OUTPUT_FILE_0}\"\n";
			showEnvVarsInLog = 0;
		};
		E9F91DC23F417DD98C15698A /* [CP] Embed Pods Frameworks */ = {
			isa = PBXShellScriptBuildPhase;
			buildActionMask = 2147483647;
			files = (
			);
			inputFileListPaths = (
				"${PODS_ROOT}/Target Support Files/Pods-SportsApp/Pods-SportsApp-frameworks-${CONFIGURATION}-input-files.xcfilelist",
			);
			name = "[CP] Embed Pods Frameworks";
			outputFileListPaths = (
				"${PODS_ROOT}/Target Support Files/Pods-SportsApp/Pods-SportsApp-frameworks-${CONFIGURATION}-output-files.xcfilelist",
			);
			runOnlyForDeploymentPostprocessing = 0;
			shellPath = /bin/sh;
			shellScript = "\"${PODS_ROOT}/Target Support Files/Pods-SportsApp/Pods-SportsApp-frameworks.sh\"\n";
			showEnvVarsInLog = 0;
		};
/* End PBXShellScriptBuildPhase section */

/* Begin PBXSourcesBuildPhase section */
		4548CDDF2AC44AB7000940B9 /* Sources */ = {
			isa = PBXSourcesBuildPhase;
			buildActionMask = 2147483647;
			files = (
				450A2E6E2AC6338C0088C168 /* APIConstant.swift in Sources */,
				4548CE072AC44CA7000940B9 /* NetworkServies.swift in Sources */,
				4529BD492AC4B54000F4A84E /* TeamDetalisViewModel.swift in Sources */,
				4529BD3B2AC498A300F4A84E /* LeaguesViewModel.swift in Sources */,
				B2AEE5F82AC48D7B0096FA3F /* FavouritesViewController.swift in Sources */,
				4548CE112AC44F4C000940B9 /* TabCustomCell.swift in Sources */,
				4548CE0D2AC44EF3000940B9 /* TabSportViewModel.swift in Sources */,
				B2AEE60C2AC57E180096FA3F /* TapSportVC.swift in Sources */,
				4548CE032AC44C04000940B9 /* SportsModel.swift in Sources */,
				4548CDE72AC44AB7000940B9 /* AppDelegate.swift in Sources */,
				4599951E2AC755BA00971B17 /* GetTeamDetails.swift in Sources */,
				4548CDF12AC44AB7000940B9 /* SportsApp.xcdatamodeld in Sources */,
				459995182AC74FF100971B17 /* getAllLeagues.swift in Sources */,
				4599951C2AC751DA00971B17 /* GetLatestEvent.swift in Sources */,
				450A2E702AC637730088C168 /* FootballModel.swift in Sources */,
				4529BD3F2AC4990500F4A84E /* CustomNibCell.swift in Sources */,
				456965002AC66F3A00B288FC /* LeaguesVC.swift in Sources */,
				4599951A2AC7507900971B17 /* GetUpcomminEvent.swift in Sources */,
				4529BD432AC49DC800F4A84E /* K.swift in Sources */,
				4529BD4E2AC4B5B700F4A84E /* TeamDetalisViewController.swift in Sources */,
				4548CDE92AC44AB7000940B9 /* SceneDelegate.swift in Sources */,
				4529BD382AC4988300F4A84E /* LeaguesViewController.swift in Sources */,
			);
			runOnlyForDeploymentPostprocessing = 0;
		};
/* End PBXSourcesBuildPhase section */

/* Begin PBXVariantGroup section */
		45131EDF2AC6666D00F0131C /* Main.storyboard */ = {
			isa = PBXVariantGroup;
			children = (
				45131EE02AC6666D00F0131C /* Base */,
			);
			name = Main.storyboard;
			sourceTree = "<group>";
		};
		4548CDF42AC44AB9000940B9 /* LaunchScreen.storyboard */ = {
			isa = PBXVariantGroup;
			children = (
				4548CDF52AC44AB9000940B9 /* Base */,
			);
			name = LaunchScreen.storyboard;
			sourceTree = "<group>";
		};
/* End PBXVariantGroup section */

/* Begin XCBuildConfiguration section */
		4548CDF82AC44AB9000940B9 /* Debug */ = {
			isa = XCBuildConfiguration;
			buildSettings = {
				ALWAYS_SEARCH_USER_PATHS = NO;
				CLANG_ANALYZER_NONNULL = YES;
				CLANG_ANALYZER_NUMBER_OBJECT_CONVERSION = YES_AGGRESSIVE;
				CLANG_CXX_LANGUAGE_STANDARD = "gnu++20";
				CLANG_ENABLE_MODULES = YES;
				CLANG_ENABLE_OBJC_ARC = YES;
				CLANG_ENABLE_OBJC_WEAK = YES;
				CLANG_WARN_BLOCK_CAPTURE_AUTORELEASING = YES;
				CLANG_WARN_BOOL_CONVERSION = YES;
				CLANG_WARN_COMMA = YES;
				CLANG_WARN_CONSTANT_CONVERSION = YES;
				CLANG_WARN_DEPRECATED_OBJC_IMPLEMENTATIONS = YES;
				CLANG_WARN_DIRECT_OBJC_ISA_USAGE = YES_ERROR;
				CLANG_WARN_DOCUMENTATION_COMMENTS = YES;
				CLANG_WARN_EMPTY_BODY = YES;
				CLANG_WARN_ENUM_CONVERSION = YES;
				CLANG_WARN_INFINITE_RECURSION = YES;
				CLANG_WARN_INT_CONVERSION = YES;
				CLANG_WARN_NON_LITERAL_NULL_CONVERSION = YES;
				CLANG_WARN_OBJC_IMPLICIT_RETAIN_SELF = YES;
				CLANG_WARN_OBJC_LITERAL_CONVERSION = YES;
				CLANG_WARN_OBJC_ROOT_CLASS = YES_ERROR;
				CLANG_WARN_QUOTED_INCLUDE_IN_FRAMEWORK_HEADER = YES;
				CLANG_WARN_RANGE_LOOP_ANALYSIS = YES;
				CLANG_WARN_STRICT_PROTOTYPES = YES;
				CLANG_WARN_SUSPICIOUS_MOVE = YES;
				CLANG_WARN_UNGUARDED_AVAILABILITY = YES_AGGRESSIVE;
				CLANG_WARN_UNREACHABLE_CODE = YES;
				CLANG_WARN__DUPLICATE_METHOD_MATCH = YES;
				COPY_PHASE_STRIP = NO;
				DEBUG_INFORMATION_FORMAT = dwarf;
				ENABLE_STRICT_OBJC_MSGSEND = YES;
				ENABLE_TESTABILITY = YES;
				GCC_C_LANGUAGE_STANDARD = gnu11;
				GCC_DYNAMIC_NO_PIC = NO;
				GCC_NO_COMMON_BLOCKS = YES;
				GCC_OPTIMIZATION_LEVEL = 0;
				GCC_PREPROCESSOR_DEFINITIONS = (
					"DEBUG=1",
					"$(inherited)",
				);
				GCC_WARN_64_TO_32_BIT_CONVERSION = YES;
				GCC_WARN_ABOUT_RETURN_TYPE = YES_ERROR;
				GCC_WARN_UNDECLARED_SELECTOR = YES;
				GCC_WARN_UNINITIALIZED_AUTOS = YES_AGGRESSIVE;
				GCC_WARN_UNUSED_FUNCTION = YES;
				GCC_WARN_UNUSED_VARIABLE = YES;
				IPHONEOS_DEPLOYMENT_TARGET = 16.4;
				MTL_ENABLE_DEBUG_INFO = INCLUDE_SOURCE;
				MTL_FAST_MATH = YES;
				ONLY_ACTIVE_ARCH = YES;
				SDKROOT = iphoneos;
				SWIFT_ACTIVE_COMPILATION_CONDITIONS = DEBUG;
				SWIFT_OPTIMIZATION_LEVEL = "-Onone";
			};
			name = Debug;
		};
		4548CDF92AC44AB9000940B9 /* Release */ = {
			isa = XCBuildConfiguration;
			buildSettings = {
				ALWAYS_SEARCH_USER_PATHS = NO;
				CLANG_ANALYZER_NONNULL = YES;
				CLANG_ANALYZER_NUMBER_OBJECT_CONVERSION = YES_AGGRESSIVE;
				CLANG_CXX_LANGUAGE_STANDARD = "gnu++20";
				CLANG_ENABLE_MODULES = YES;
				CLANG_ENABLE_OBJC_ARC = YES;
				CLANG_ENABLE_OBJC_WEAK = YES;
				CLANG_WARN_BLOCK_CAPTURE_AUTORELEASING = YES;
				CLANG_WARN_BOOL_CONVERSION = YES;
				CLANG_WARN_COMMA = YES;
				CLANG_WARN_CONSTANT_CONVERSION = YES;
				CLANG_WARN_DEPRECATED_OBJC_IMPLEMENTATIONS = YES;
				CLANG_WARN_DIRECT_OBJC_ISA_USAGE = YES_ERROR;
				CLANG_WARN_DOCUMENTATION_COMMENTS = YES;
				CLANG_WARN_EMPTY_BODY = YES;
				CLANG_WARN_ENUM_CONVERSION = YES;
				CLANG_WARN_INFINITE_RECURSION = YES;
				CLANG_WARN_INT_CONVERSION = YES;
				CLANG_WARN_NON_LITERAL_NULL_CONVERSION = YES;
				CLANG_WARN_OBJC_IMPLICIT_RETAIN_SELF = YES;
				CLANG_WARN_OBJC_LITERAL_CONVERSION = YES;
				CLANG_WARN_OBJC_ROOT_CLASS = YES_ERROR;
				CLANG_WARN_QUOTED_INCLUDE_IN_FRAMEWORK_HEADER = YES;
				CLANG_WARN_RANGE_LOOP_ANALYSIS = YES;
				CLANG_WARN_STRICT_PROTOTYPES = YES;
				CLANG_WARN_SUSPICIOUS_MOVE = YES;
				CLANG_WARN_UNGUARDED_AVAILABILITY = YES_AGGRESSIVE;
				CLANG_WARN_UNREACHABLE_CODE = YES;
				CLANG_WARN__DUPLICATE_METHOD_MATCH = YES;
				COPY_PHASE_STRIP = NO;
				DEBUG_INFORMATION_FORMAT = "dwarf-with-dsym";
				ENABLE_NS_ASSERTIONS = NO;
				ENABLE_STRICT_OBJC_MSGSEND = YES;
				GCC_C_LANGUAGE_STANDARD = gnu11;
				GCC_NO_COMMON_BLOCKS = YES;
				GCC_WARN_64_TO_32_BIT_CONVERSION = YES;
				GCC_WARN_ABOUT_RETURN_TYPE = YES_ERROR;
				GCC_WARN_UNDECLARED_SELECTOR = YES;
				GCC_WARN_UNINITIALIZED_AUTOS = YES_AGGRESSIVE;
				GCC_WARN_UNUSED_FUNCTION = YES;
				GCC_WARN_UNUSED_VARIABLE = YES;
				IPHONEOS_DEPLOYMENT_TARGET = 16.4;
				MTL_ENABLE_DEBUG_INFO = NO;
				MTL_FAST_MATH = YES;
				SDKROOT = iphoneos;
				SWIFT_COMPILATION_MODE = wholemodule;
				SWIFT_OPTIMIZATION_LEVEL = "-O";
				VALIDATE_PRODUCT = YES;
			};
			name = Release;
		};
		4548CDFB2AC44AB9000940B9 /* Debug */ = {
			isa = XCBuildConfiguration;
			baseConfigurationReference = 3FCDF16BA5262C3002F662F7 /* Pods-SportsApp.debug.xcconfig */;
			buildSettings = {
				ASSETCATALOG_COMPILER_APPICON_NAME = AppIcon;
				ASSETCATALOG_COMPILER_GLOBAL_ACCENT_COLOR_NAME = AccentColor;
				CODE_SIGN_STYLE = Automatic;
				CURRENT_PROJECT_VERSION = 1;
				DEVELOPMENT_TEAM = V8WX6XAJDD;
				GENERATE_INFOPLIST_FILE = YES;
				INFOPLIST_FILE = SportsApp/Info.plist;
				INFOPLIST_KEY_UIApplicationSupportsIndirectInputEvents = YES;
				INFOPLIST_KEY_UILaunchStoryboardName = LaunchScreen;
				INFOPLIST_KEY_UIMainStoryboardFile = Main;
				INFOPLIST_KEY_UIStatusBarStyle = "";
				INFOPLIST_KEY_UISupportedInterfaceOrientations_iPad = "UIInterfaceOrientationPortrait UIInterfaceOrientationPortraitUpsideDown UIInterfaceOrientationLandscapeLeft UIInterfaceOrientationLandscapeRight";
				INFOPLIST_KEY_UISupportedInterfaceOrientations_iPhone = "UIInterfaceOrientationPortrait UIInterfaceOrientationLandscapeLeft UIInterfaceOrientationLandscapeRight";
				LD_RUNPATH_SEARCH_PATHS = (
					"$(inherited)",
					"@executable_path/Frameworks",
				);
				MARKETING_VERSION = 1.0;
				PRODUCT_BUNDLE_IDENTIFIER = com.mustafa.SportsApp;
				PRODUCT_NAME = "$(TARGET_NAME)";
				SWIFT_EMIT_LOC_STRINGS = YES;
				SWIFT_VERSION = 5.0;
				TARGETED_DEVICE_FAMILY = "1,2";
			};
			name = Debug;
		};
		4548CDFC2AC44AB9000940B9 /* Release */ = {
			isa = XCBuildConfiguration;
			baseConfigurationReference = 85B324A3F8E2B0F9C83E2BCF /* Pods-SportsApp.release.xcconfig */;
			buildSettings = {
				ASSETCATALOG_COMPILER_APPICON_NAME = AppIcon;
				ASSETCATALOG_COMPILER_GLOBAL_ACCENT_COLOR_NAME = AccentColor;
				CODE_SIGN_STYLE = Automatic;
				CURRENT_PROJECT_VERSION = 1;
				DEVELOPMENT_TEAM = V8WX6XAJDD;
				GENERATE_INFOPLIST_FILE = YES;
				INFOPLIST_FILE = SportsApp/Info.plist;
				INFOPLIST_KEY_UIApplicationSupportsIndirectInputEvents = YES;
				INFOPLIST_KEY_UILaunchStoryboardName = LaunchScreen;
				INFOPLIST_KEY_UIMainStoryboardFile = Main;
				INFOPLIST_KEY_UIStatusBarStyle = "";
				INFOPLIST_KEY_UISupportedInterfaceOrientations_iPad = "UIInterfaceOrientationPortrait UIInterfaceOrientationPortraitUpsideDown UIInterfaceOrientationLandscapeLeft UIInterfaceOrientationLandscapeRight";
				INFOPLIST_KEY_UISupportedInterfaceOrientations_iPhone = "UIInterfaceOrientationPortrait UIInterfaceOrientationLandscapeLeft UIInterfaceOrientationLandscapeRight";
				LD_RUNPATH_SEARCH_PATHS = (
					"$(inherited)",
					"@executable_path/Frameworks",
				);
				MARKETING_VERSION = 1.0;
				PRODUCT_BUNDLE_IDENTIFIER = com.mustafa.SportsApp;
				PRODUCT_NAME = "$(TARGET_NAME)";
				SWIFT_EMIT_LOC_STRINGS = YES;
				SWIFT_VERSION = 5.0;
				TARGETED_DEVICE_FAMILY = "1,2";
			};
			name = Release;
		};
/* End XCBuildConfiguration section */

/* Begin XCConfigurationList section */
		4548CDDE2AC44AB7000940B9 /* Build configuration list for PBXProject "SportsApp" */ = {
			isa = XCConfigurationList;
			buildConfigurations = (
				4548CDF82AC44AB9000940B9 /* Debug */,
				4548CDF92AC44AB9000940B9 /* Release */,
			);
			defaultConfigurationIsVisible = 0;
			defaultConfigurationName = Release;
		};
		4548CDFA2AC44AB9000940B9 /* Build configuration list for PBXNativeTarget "SportsApp" */ = {
			isa = XCConfigurationList;
			buildConfigurations = (
				4548CDFB2AC44AB9000940B9 /* Debug */,
				4548CDFC2AC44AB9000940B9 /* Release */,
			);
			defaultConfigurationIsVisible = 0;
			defaultConfigurationName = Release;
		};
/* End XCConfigurationList section */

/* Begin XCVersionGroup section */
		4548CDEF2AC44AB7000940B9 /* SportsApp.xcdatamodeld */ = {
			isa = XCVersionGroup;
			children = (
				4548CDF02AC44AB7000940B9 /* SportsApp.xcdatamodel */,
			);
			currentVersion = 4548CDF02AC44AB7000940B9 /* SportsApp.xcdatamodel */;
			path = SportsApp.xcdatamodeld;
			sourceTree = "<group>";
			versionGroupType = wrapper.xcdatamodel;
		};
/* End XCVersionGroup section */
	};
	rootObject = 4548CDDB2AC44AB7000940B9 /* Project object */;
}
